
Microsoft Visual Studio Solution File, Format Version 12.00
# Visual Studio Version 17
VisualStudioVersion = 17.4.33122.133
MinimumVisualStudioVersion = 10.0.40219.1
Project("{9A19103F-16F7-4668-BE54-9A1E7A4F7556}") = "IDHLDeveloperTest", "IDHLDeveloperTest\IDHLDeveloperTest.csproj", "{FA1456C8-ED61-4A6A-9E2B-48605FBADE81}"
EndProject
Global
	GlobalSection(SolutionConfigurationPlatforms) = preSolution
		Debug|Any CPU = Debug|Any CPU
		Release|Any CPU = Release|Any CPU
	EndGlobalSection
	GlobalSection(ProjectConfigurationPlatforms) = postSolution
		{FA1456C8-ED61-4A6A-9E2B-48605FBADE81}.Debug|Any CPU.ActiveCfg = Debug|Any CPU
		{FA1456C8-ED61-4A6A-9E2B-48605FBADE81}.Debug|Any CPU.Build.0 = Debug|Any CPU
		{FA1456C8-ED61-4A6A-9E2B-48605FBADE81}.Release|Any CPU.ActiveCfg = Release|Any CPU
		{FA1456C8-ED61-4A6A-9E2B-48605FBADE81}.Release|Any CPU.Build.0 = Release|Any CPU
	EndGlobalSection
	GlobalSection(SolutionProperties) = preSolution
		HideSolutionNode = FALSE
	EndGlobalSection
	GlobalSection(ExtensibilityGlobals) = postSolution
		SolutionGuid = {B1A06D15-5EA5-4365-A1B0-166CB88EA072}
	EndGlobalSection
EndGlobal
